{
  "name": "maybemonad",
  "version": "1.0.0",
  "lockfileVersion": 1,
  "requires": true,
  "dependencies": {
    "daggy": {
      "version": "0.0.1",
      "resolved": "https://registry.npmjs.org/daggy/-/daggy-0.0.1.tgz",
      "integrity": "sha1-rpyTLJ9xNuZVoEr7Iei6rf0NNwc=",
      "dev": true
    },
    "fantasy-combinators": {
      "version": "0.0.1",
      "resolved": "https://registry.npmjs.org/fantasy-combinators/-/fantasy-combinators-0.0.1.tgz",
      "integrity": "sha1-0YOIrtlL55CsQGkDH16gGDReM6E=",
      "dev": true
    },
    "fantasy-land": {
      "version": "3.5.0",
      "resolved": "https://registry.npmjs.org/fantasy-land/-/fantasy-land-3.5.0.tgz",
      "integrity": "sha512-ou7BCdUNzcyXfwI10mDBeYUCH/UbE7xjeeRizMLnjZkDJbw/Hvg1iNEl7NhNfcGxZO+cCyX3/ma3vamhwecqhw==",
      "dev": true,
      "requires": {
        "daggy": "0.0.1",
        "fantasy-combinators": "0.0.1"
      }
    },
    "fantasy-laws": {
      "version": "1.1.0",
      "resolved": "https://registry.npmjs.org/fantasy-laws/-/fantasy-laws-1.1.0.tgz",
      "integrity": "sha512-zWJPdC+XraZK1DOKbwfXL7oQOme1UM33RXEDsLjHUHrMAx82drP6wf2jV7XWNHhDLxSV6vi5sxcpiakkgUJgJw==",
      "dev": true,
      "requires": {
        "fantasy-land": "3.5.0",
        "jsverify": "0.8.3",
        "sanctuary-show": "1.0.0",
        "sanctuary-type-classes": "9.0.0"
      }
    },
    "jsverify": {
      "version": "0.8.3",
      "resolved": "https://registry.npmjs.org/jsverify/-/jsverify-0.8.3.tgz",
      "integrity": "sha1-AukXjhkktar5WcAjmvhO1cbQc4w=",
      "dev": true,
      "requires": {
        "lazy-seq": "1.0.0",
        "rc4": "0.1.5",
        "trampa": "1.0.0",
        "typify-parser": "1.1.0"
      }
    },
    "lazy-seq": {
      "version": "1.0.0",
      "resolved": "https://registry.npmjs.org/lazy-seq/-/lazy-seq-1.0.0.tgz",
      "integrity": "sha1-iAy4qrJWAmOC4C9T7AiWgqdMW2o=",
      "dev": true
    },
    "rc4": {
      "version": "0.1.5",
      "resolved": "https://registry.npmjs.org/rc4/-/rc4-0.1.5.tgz",
      "integrity": "sha1-CMbgSgFo9utiHCKrbLEVG9n0pk0=",
      "dev": true
    },
    "sanctuary-show": {
      "version": "1.0.0",
      "resolved": "https://registry.npmjs.org/sanctuary-show/-/sanctuary-show-1.0.0.tgz",
      "integrity": "sha512-63UqNGr5M6wkzKp6eGc/Gy6JBIV2PbzPd3q88+0F9z0qydAQsCWJ+7e4oor39rEEwj2GkZMDEhqGuiMl9eEnYw==",
      "dev": true
    },
    "sanctuary-type-classes": {
      "version": "9.0.0",
      "resolved": "https://registry.npmjs.org/sanctuary-type-classes/-/sanctuary-type-classes-9.0.0.tgz",
      "integrity": "sha512-rFW27f3D622kxKravpGU9OjWn66fnDjDjGPvoYo4hEoBg2ocypvp0R9cs0YovKL3jTO+PTceUBh5tYZ+l9ay3g==",
      "dev": true,
      "requires": {
        "sanctuary-type-identifiers": "1.0.0"
      }
    },
    "sanctuary-type-identifiers": {
      "version": "1.0.0",
      "resolved": "https://registry.npmjs.org/sanctuary-type-identifiers/-/sanctuary-type-identifiers-1.0.0.tgz",
      "integrity": "sha1-6PNZ8AbLXmJM+4RkYD/BFGCL3p8=",
      "dev": true
    },
    "trampa": {
      "version": "1.0.0",
      "resolved": "https://registry.npmjs.org/trampa/-/trampa-1.0.0.tgz",
      "integrity": "sha1-Ukc0esM0gH+mwAAERMuRtjmECtU=",
      "dev": true
    },
    "typify-parser": {
      "version": "1.1.0",
      "resolved": "https://registry.npmjs.org/typify-parser/-/typify-parser-1.1.0.tgz",
      "integrity": "sha1-rHO/pfJTQ0aOLQ8zRsYRe8A9PJk=",
      "dev": true
    }
  }
}
